
Microsoft Visual Studio Solution File, Format Version 12.00
# Visual Studio 15
VisualStudioVersion = 15.0.28010.2026
MinimumVisualStudioVersion = 10.0.40219.1
Project("{FAE04EC0-301F-11D3-BF4B-00C04F79EFBC}") = "CZARBOT", "CZARBOT\CZARBOT.csproj", "{4116EB4E-CE7D-4DD6-B3E3-1CC741209822}"
EndProject
Global
	GlobalSection(SolutionConfigurationPlatforms) = preSolution
		Debug|Any CPU = Debug|Any CPU
		Release|Any CPU = Release|Any CPU
	EndGlobalSection
	GlobalSection(ProjectConfigurationPlatforms) = postSolution
		{4116EB4E-CE7D-4DD6-B3E3-1CC741209822}.Debug|Any CPU.ActiveCfg = Debug|Any CPU
		{4116EB4E-CE7D-4DD6-B3E3-1CC741209822}.Debug|Any CPU.Build.0 = Debug|Any CPU
		{4116EB4E-CE7D-4DD6-B3E3-1CC741209822}.Release|Any CPU.ActiveCfg = Release|Any CPU
		{4116EB4E-CE7D-4DD6-B3E3-1CC741209822}.Release|Any CPU.Build.0 = Release|Any CPU
	EndGlobalSection
	GlobalSection(SolutionProperties) = preSolution
		HideSolutionNode = FALSE
	EndGlobalSection
	GlobalSection(ExtensibilityGlobals) = postSolution
		SolutionGuid = {C80546E1-AE2A-4BC7-A883-D88FE40CBF29}
	EndGlobalSection
EndGlobal
